
Microsoft Visual Studio Solution File, Format Version 12.00
# Visual Studio Version 16
VisualStudioVersion = 16.0.29324.140
MinimumVisualStudioVersion = 10.0.40219.1
Project("{FAE04EC0-301F-11D3-BF4B-00C04F79EFBC}") = "Blazor.Wasm.ControlSystem.Server", "Blazor.Wasm.ControlSystem\Server\Blazor.Wasm.ControlSystem.Server.csproj", "{DE0A0618-36B2-465C-A98C-DBD0E8C01A70}"
EndProject
Project("{FAE04EC0-301F-11D3-BF4B-00C04F79EFBC}") = "Blazor.Wasm.ControlSystem.Client", "Blazor.Wasm.ControlSystem\Client\Blazor.Wasm.ControlSystem.Client.csproj", "{40B8F9B2-C44A-4E2F-AC8B-2C88E891BB64}"
EndProject
Project("{FAE04EC0-301F-11D3-BF4B-00C04F79EFBC}") = "Blazor.Wasm.ControlSystem.Shared", "Blazor.Wasm.ControlSystem\Shared\Blazor.Wasm.ControlSystem.Shared.csproj", "{57E1FC9B-3CB3-4B69-8BAF-300515B6AF65}"
EndProject
Global
	GlobalSection(SolutionConfigurationPlatforms) = preSolution
		Debug|Any CPU = Debug|Any CPU
		Release|Any CPU = Release|Any CPU
	EndGlobalSection
	GlobalSection(ProjectConfigurationPlatforms) = postSolution
		{DE0A0618-36B2-465C-A98C-DBD0E8C01A70}.Debug|Any CPU.ActiveCfg = Debug|Any CPU
		{DE0A0618-36B2-465C-A98C-DBD0E8C01A70}.Debug|Any CPU.Build.0 = Debug|Any CPU
		{DE0A0618-36B2-465C-A98C-DBD0E8C01A70}.Release|Any CPU.ActiveCfg = Release|Any CPU
		{DE0A0618-36B2-465C-A98C-DBD0E8C01A70}.Release|Any CPU.Build.0 = Release|Any CPU
		{40B8F9B2-C44A-4E2F-AC8B-2C88E891BB64}.Debug|Any CPU.ActiveCfg = Debug|Any CPU
		{40B8F9B2-C44A-4E2F-AC8B-2C88E891BB64}.Debug|Any CPU.Build.0 = Debug|Any CPU
		{40B8F9B2-C44A-4E2F-AC8B-2C88E891BB64}.Release|Any CPU.ActiveCfg = Release|Any CPU
		{40B8F9B2-C44A-4E2F-AC8B-2C88E891BB64}.Release|Any CPU.Build.0 = Release|Any CPU
		{57E1FC9B-3CB3-4B69-8BAF-300515B6AF65}.Debug|Any CPU.ActiveCfg = Debug|Any CPU
		{57E1FC9B-3CB3-4B69-8BAF-300515B6AF65}.Debug|Any CPU.Build.0 = Debug|Any CPU
		{57E1FC9B-3CB3-4B69-8BAF-300515B6AF65}.Release|Any CPU.ActiveCfg = Release|Any CPU
		{57E1FC9B-3CB3-4B69-8BAF-300515B6AF65}.Release|Any CPU.Build.0 = Release|Any CPU
	EndGlobalSection
	GlobalSection(SolutionProperties) = preSolution
		HideSolutionNode = FALSE
	EndGlobalSection
	GlobalSection(ExtensibilityGlobals) = postSolution
		SolutionGuid = {AF7F8BB8-62B9-4832-B174-6DFC3F45EB02}
	EndGlobalSection
EndGlobal
